{
  "version": 4,
  "terraform_version": "0.14.6",
  "serial": 20,
  "lineage": "3c69db4f-ef19-988d-e559-000bf8e772d9",
  "outputs": {},
  "resources": [
    {
      "mode": "managed",
      "type": "ansible_host",
      "name": "cockroachdb_server_01_droplet",
      "provider": "provider[\"registry.terraform.io/nbering/ansible\"]",
      "instances": [
        {
          "schema_version": 0,
          "attributes": {
            "groups": [
              "staging",
              "consul-client",
              "cockroachdb-server",
              "cockroachdb-master",
              "primary"
            ],
            "id": "cockroachdb-server-01",
            "inventory_hostname": "cockroachdb-server-01",
            "variable_priority": 50,
            "vars": {
              "ansible_host": "139.59.153.83",
              "ansible_python_interpreter": "/usr/bin/python3",
              "datacenter_name": "fra1",
              "datacenter_role": "primary"
            }
          },
          "sensitive_attributes": [],
          "private": "bnVsbA==",
          "dependencies": [
            "digitalocean_droplet.cockroachdb_server_01_droplet",
            "digitalocean_tag.cockroachdb_master_role",
            "digitalocean_tag.cockroachdb_server_role",
            "digitalocean_tag.consul_client_role",
            "digitalocean_tag.target_env"
          ]
        }
      ]
    },
    {
      "mode": "managed",
      "type": "ansible_host",
      "name": "cockroachdb_server_02_droplet",
      "provider": "provider[\"registry.terraform.io/nbering/ansible\"]",
      "instances": [
        {
          "schema_version": 0,
          "attributes": {
            "groups": [
              "staging",
              "consul-client",
              "cockroachdb-server",
              "fallback"
            ],
            "id": "cockroachdb-server-02",
            "inventory_hostname": "cockroachdb-server-02",
            "variable_priority": 50,
            "vars": {
              "ansible_host": "206.189.0.235",
              "ansible_python_interpreter": "/usr/bin/python3",
              "datacenter_name": "ams3",
              "datacenter_role": "fallback"
            }
          },
          "sensitive_attributes": [],
          "private": "bnVsbA==",
          "dependencies": [
            "digitalocean_droplet.cockroachdb_server_02_droplet",
            "digitalocean_tag.cockroachdb_server_role",
            "digitalocean_tag.consul_client_role",
            "digitalocean_tag.target_env"
          ]
        }
      ]
    },
    {
      "mode": "managed",
      "type": "ansible_host",
      "name": "cockroachdb_server_03_droplet",
      "provider": "provider[\"registry.terraform.io/nbering/ansible\"]",
      "instances": [
        {
          "schema_version": 0,
          "attributes": {
            "groups": [
              "staging",
              "consul-client",
              "cockroachdb-server",
              "ternary"
            ],
            "id": "cockroachdb-server-03",
            "inventory_hostname": "cockroachdb-server-03",
            "variable_priority": 50,
            "vars": {
              "ansible_host": "167.71.143.70",
              "ansible_python_interpreter": "/usr/bin/python3",
              "datacenter_name": "lon1",
              "datacenter_role": "ternary"
            }
          },
          "sensitive_attributes": [],
          "private": "bnVsbA==",
          "dependencies": [
            "digitalocean_droplet.cockroachdb_server_03_droplet",
            "digitalocean_tag.cockroachdb_server_role",
            "digitalocean_tag.consul_client_role",
            "digitalocean_tag.target_env"
          ]
        }
      ]
    },
    {
      "mode": "managed",
      "type": "ansible_host",
      "name": "consul_server_01_droplet",
      "provider": "provider[\"registry.terraform.io/nbering/ansible\"]",
      "instances": [
        {
          "schema_version": 0,
          "attributes": {
            "groups": [
              "staging",
              "consul-server",
              "primary"
            ],
            "id": "consul-server-01",
            "inventory_hostname": "consul-server-01",
            "variable_priority": 50,
            "vars": {
              "ansible_host": "104.248.240.162",
              "ansible_python_interpreter": "/usr/bin/python3",
              "datacenter_name": "fra1",
              "datacenter_role": "primary"
            }
          },
          "sensitive_attributes": [],
          "private": "bnVsbA==",
          "dependencies": [
            "digitalocean_droplet.consul_server_01_droplet",
            "digitalocean_tag.consul_server_role",
            "digitalocean_tag.target_env"
          ]
        }
      ]
    },
    {
      "mode": "managed",
      "type": "ansible_host",
      "name": "consul_server_02_droplet",
      "provider": "provider[\"registry.terraform.io/nbering/ansible\"]",
      "instances": [
        {
          "schema_version": 0,
          "attributes": {
            "groups": [
              "staging",
              "consul-server",
              "fallback"
            ],
            "id": "consul-server-02",
            "inventory_hostname": "consul-server-02",
            "variable_priority": 50,
            "vars": {
              "ansible_host": "206.189.0.252",
              "ansible_python_interpreter": "/usr/bin/python3",
              "datacenter_name": "ams3",
              "datacenter_role": "fallback"
            }
          },
          "sensitive_attributes": [],
          "private": "bnVsbA==",
          "dependencies": [
            "digitalocean_droplet.consul_server_02_droplet",
            "digitalocean_tag.consul_server_role",
            "digitalocean_tag.target_env"
          ]
        }
      ]
    },
    {
      "mode": "managed",
      "type": "ansible_host",
      "name": "consul_server_03_droplet",
      "provider": "provider[\"registry.terraform.io/nbering/ansible\"]",
      "instances": [
        {
          "schema_version": 0,
          "attributes": {
            "groups": [
              "staging",
              "consul-server",
              "ternary"
            ],
            "id": "consul-server-03",
            "inventory_hostname": "consul-server-03",
            "variable_priority": 50,
            "vars": {
              "ansible_host": "206.189.120.80",
              "ansible_python_interpreter": "/usr/bin/python3",
              "datacenter_name": "lon1",
              "datacenter_role": "ternary"
            }
          },
          "sensitive_attributes": [],
          "private": "bnVsbA==",
          "dependencies": [
            "digitalocean_droplet.consul_server_03_droplet",
            "digitalocean_tag.consul_server_role",
            "digitalocean_tag.target_env"
          ]
        }
      ]
    },
    {
      "mode": "managed",
      "type": "digitalocean_droplet",
      "name": "cockroachdb_server_01_droplet",
      "provider": "provider[\"registry.terraform.io/digitalocean/digitalocean\"]",
      "instances": [
        {
          "schema_version": 1,
          "attributes": {
            "backups": false,
            "created_at": "2021-02-07T09:41:50Z",
            "disk": 25,
            "id": "230449339",
            "image": "ubuntu-20-04-x64",
            "ipv4_address": "139.59.153.83",
            "ipv4_address_private": "10.135.0.2",
            "ipv6": false,
            "ipv6_address": "",
            "locked": false,
            "memory": 1024,
            "monitoring": false,
            "name": "cockroachdb-server-01",
            "price_hourly": 0.00744,
            "price_monthly": 5,
            "private_networking": true,
            "region": "fra1",
            "resize_disk": true,
            "size": "s-1vcpu-1gb",
            "ssh_keys": [
              "9d:ad:97:2c:c7:77:4c:11:9e:06:f7:37:44:d3:e1:b7"
            ],
            "status": "active",
            "tags": [
              "cockroachdb-master",
              "cockroachdb-server",
              "consul-client",
              "staging"
            ],
            "urn": "do:droplet:230449339",
            "user_data": null,
            "vcpus": 1,
            "volume_ids": [],
            "vpc_uuid": "fc88033b-dc84-11e8-8b13-3cfdfea9f160"
          },
          "sensitive_attributes": [],
          "private": "eyJzY2hlbWFfdmVyc2lvbiI6IjEifQ==",
          "dependencies": [
            "digitalocean_tag.cockroachdb_master_role",
            "digitalocean_tag.cockroachdb_server_role",
            "digitalocean_tag.consul_client_role",
            "digitalocean_tag.target_env"
          ]
        }
      ]
    },
    {
      "mode": "managed",
      "type": "digitalocean_droplet",
      "name": "cockroachdb_server_02_droplet",
      "provider": "provider[\"registry.terraform.io/digitalocean/digitalocean\"]",
      "instances": [
        {
          "schema_version": 1,
          "attributes": {
            "backups": false,
            "created_at": "2021-02-07T09:41:50Z",
            "disk": 25,
            "id": "230449340",
            "image": "ubuntu-20-04-x64",
            "ipv4_address": "206.189.0.235",
            "ipv4_address_private": "10.133.0.2",
            "ipv6": false,
            "ipv6_address": "",
            "locked": false,
            "memory": 1024,
            "monitoring": false,
            "name": "cockroachdb-server-02",
            "price_hourly": 0.00744,
            "price_monthly": 5,
            "private_networking": true,
            "region": "ams3",
            "resize_disk": true,
            "size": "s-1vcpu-1gb",
            "ssh_keys": [
              "9d:ad:97:2c:c7:77:4c:11:9e:06:f7:37:44:d3:e1:b7"
            ],
            "status": "active",
            "tags": [
              "cockroachdb-server",
              "consul-client",
              "staging"
            ],
            "urn": "do:droplet:230449340",
            "user_data": null,
            "vcpus": 1,
            "volume_ids": [],
            "vpc_uuid": "bac0ab8d-dc83-11e8-a3da-3cfdfea9f0d8"
          },
          "sensitive_attributes": [],
          "private": "eyJzY2hlbWFfdmVyc2lvbiI6IjEifQ==",
          "dependencies": [
            "digitalocean_tag.cockroachdb_server_role",
            "digitalocean_tag.consul_client_role",
            "digitalocean_tag.target_env"
          ]
        }
      ]
    },
    {
      "mode": "managed",
      "type": "digitalocean_droplet",
      "name": "cockroachdb_server_03_droplet",
      "provider": "provider[\"registry.terraform.io/digitalocean/digitalocean\"]",
      "instances": [
        {
          "schema_version": 1,
          "attributes": {
            "backups": false,
            "created_at": "2021-02-07T09:41:50Z",
            "disk": 25,
            "id": "230449341",
            "image": "ubuntu-20-04-x64",
            "ipv4_address": "167.71.143.70",
            "ipv4_address_private": "10.131.0.3",
            "ipv6": false,
            "ipv6_address": "",
            "locked": false,
            "memory": 1024,
            "monitoring": false,
            "name": "cockroachdb-server-03",
            "price_hourly": 0.00744,
            "price_monthly": 5,
            "private_networking": true,
            "region": "lon1",
            "resize_disk": true,
            "size": "s-1vcpu-1gb",
            "ssh_keys": [
              "9d:ad:97:2c:c7:77:4c:11:9e:06:f7:37:44:d3:e1:b7"
            ],
            "status": "active",
            "tags": [
              "cockroachdb-server",
              "consul-client",
              "staging"
            ],
            "urn": "do:droplet:230449341",
            "user_data": null,
            "vcpus": 1,
            "volume_ids": [],
            "vpc_uuid": "f42b5ed1-dc82-11e8-83ec-3cfdfea9f3f0"
          },
          "sensitive_attributes": [],
          "private": "eyJzY2hlbWFfdmVyc2lvbiI6IjEifQ==",
          "dependencies": [
            "digitalocean_tag.cockroachdb_server_role",
            "digitalocean_tag.consul_client_role",
            "digitalocean_tag.target_env"
          ]
        }
      ]
    },
    {
      "mode": "managed",
      "type": "digitalocean_droplet",
      "name": "consul_server_01_droplet",
      "provider": "provider[\"registry.terraform.io/digitalocean/digitalocean\"]",
      "instances": [
        {
          "schema_version": 1,
          "attributes": {
            "backups": false,
            "created_at": "2021-02-07T09:41:50Z",
            "disk": 25,
            "id": "230449343",
            "image": "ubuntu-20-04-x64",
            "ipv4_address": "104.248.240.162",
            "ipv4_address_private": "10.135.0.3",
            "ipv6": false,
            "ipv6_address": "",
            "locked": false,
            "memory": 1024,
            "monitoring": false,
            "name": "consul-server-01",
            "price_hourly": 0.00744,
            "price_monthly": 5,
            "private_networking": true,
            "region": "fra1",
            "resize_disk": true,
            "size": "s-1vcpu-1gb",
            "ssh_keys": [
              "9d:ad:97:2c:c7:77:4c:11:9e:06:f7:37:44:d3:e1:b7"
            ],
            "status": "active",
            "tags": [
              "consul-server",
              "staging"
            ],
            "urn": "do:droplet:230449343",
            "user_data": null,
            "vcpus": 1,
            "volume_ids": [],
            "vpc_uuid": "fc88033b-dc84-11e8-8b13-3cfdfea9f160"
          },
          "sensitive_attributes": [],
          "private": "eyJzY2hlbWFfdmVyc2lvbiI6IjEifQ==",
          "dependencies": [
            "digitalocean_tag.consul_server_role",
            "digitalocean_tag.target_env"
          ]
        }
      ]
    },
    {
      "mode": "managed",
      "type": "digitalocean_droplet",
      "name": "consul_server_02_droplet",
      "provider": "provider[\"registry.terraform.io/digitalocean/digitalocean\"]",
      "instances": [
        {
          "schema_version": 1,
          "attributes": {
            "backups": false,
            "created_at": "2021-02-07T09:41:51Z",
            "disk": 25,
            "id": "230449344",
            "image": "ubuntu-20-04-x64",
            "ipv4_address": "206.189.0.252",
            "ipv4_address_private": "10.133.0.3",
            "ipv6": false,
            "ipv6_address": "",
            "locked": false,
            "memory": 1024,
            "monitoring": false,
            "name": "consul-server-02",
            "price_hourly": 0.00744,
            "price_monthly": 5,
            "private_networking": true,
            "region": "ams3",
            "resize_disk": true,
            "size": "s-1vcpu-1gb",
            "ssh_keys": [
              "9d:ad:97:2c:c7:77:4c:11:9e:06:f7:37:44:d3:e1:b7"
            ],
            "status": "active",
            "tags": [
              "consul-server",
              "staging"
            ],
            "urn": "do:droplet:230449344",
            "user_data": null,
            "vcpus": 1,
            "volume_ids": [],
            "vpc_uuid": "bac0ab8d-dc83-11e8-a3da-3cfdfea9f0d8"
          },
          "sensitive_attributes": [],
          "private": "eyJzY2hlbWFfdmVyc2lvbiI6IjEifQ==",
          "dependencies": [
            "digitalocean_tag.consul_server_role",
            "digitalocean_tag.target_env"
          ]
        }
      ]
    },
    {
      "mode": "managed",
      "type": "digitalocean_droplet",
      "name": "consul_server_03_droplet",
      "provider": "provider[\"registry.terraform.io/digitalocean/digitalocean\"]",
      "instances": [
        {
          "schema_version": 1,
          "attributes": {
            "backups": false,
            "created_at": "2021-02-07T09:41:50Z",
            "disk": 25,
            "id": "230449342",
            "image": "ubuntu-20-04-x64",
            "ipv4_address": "206.189.120.80",
            "ipv4_address_private": "10.131.0.2",
            "ipv6": false,
            "ipv6_address": "",
            "locked": false,
            "memory": 1024,
            "monitoring": false,
            "name": "consul-server-03",
            "price_hourly": 0.00744,
            "price_monthly": 5,
            "private_networking": true,
            "region": "lon1",
            "resize_disk": true,
            "size": "s-1vcpu-1gb",
            "ssh_keys": [
              "9d:ad:97:2c:c7:77:4c:11:9e:06:f7:37:44:d3:e1:b7"
            ],
            "status": "active",
            "tags": [
              "consul-server",
              "staging"
            ],
            "urn": "do:droplet:230449342",
            "user_data": null,
            "vcpus": 1,
            "volume_ids": [],
            "vpc_uuid": "f42b5ed1-dc82-11e8-83ec-3cfdfea9f3f0"
          },
          "sensitive_attributes": [],
          "private": "eyJzY2hlbWFfdmVyc2lvbiI6IjEifQ==",
          "dependencies": [
            "digitalocean_tag.consul_server_role",
            "digitalocean_tag.target_env"
          ]
        }
      ]
    },
    {
      "mode": "managed",
      "type": "digitalocean_tag",
      "name": "cockroachdb_master_role",
      "provider": "provider[\"registry.terraform.io/digitalocean/digitalocean\"]",
      "instances": [
        {
          "schema_version": 0,
          "attributes": {
            "databases_count": 0,
            "droplets_count": 0,
            "id": "cockroachdb-master",
            "images_count": 0,
            "name": "cockroachdb-master",
            "total_resource_count": 0,
            "volume_snapshots_count": 0,
            "volumes_count": 0
          },
          "sensitive_attributes": [],
          "private": "bnVsbA=="
        }
      ]
    },
    {
      "mode": "managed",
      "type": "digitalocean_tag",
      "name": "cockroachdb_server_role",
      "provider": "provider[\"registry.terraform.io/digitalocean/digitalocean\"]",
      "instances": [
        {
          "schema_version": 0,
          "attributes": {
            "databases_count": 0,
            "droplets_count": 0,
            "id": "cockroachdb-server",
            "images_count": 0,
            "name": "cockroachdb-server",
            "total_resource_count": 0,
            "volume_snapshots_count": 0,
            "volumes_count": 0
          },
          "sensitive_attributes": [],
          "private": "bnVsbA=="
        }
      ]
    },
    {
      "mode": "managed",
      "type": "digitalocean_tag",
      "name": "consul_client_role",
      "provider": "provider[\"registry.terraform.io/digitalocean/digitalocean\"]",
      "instances": [
        {
          "schema_version": 0,
          "attributes": {
            "databases_count": 0,
            "droplets_count": 0,
            "id": "consul-client",
            "images_count": 0,
            "name": "consul-client",
            "total_resource_count": 0,
            "volume_snapshots_count": 0,
            "volumes_count": 0
          },
          "sensitive_attributes": [],
          "private": "bnVsbA=="
        }
      ]
    },
    {
      "mode": "managed",
      "type": "digitalocean_tag",
      "name": "consul_server_role",
      "provider": "provider[\"registry.terraform.io/digitalocean/digitalocean\"]",
      "instances": [
        {
          "schema_version": 0,
          "attributes": {
            "databases_count": 0,
            "droplets_count": 0,
            "id": "consul-server",
            "images_count": 0,
            "name": "consul-server",
            "total_resource_count": 0,
            "volume_snapshots_count": 0,
            "volumes_count": 0
          },
          "sensitive_attributes": [],
          "private": "bnVsbA=="
        }
      ]
    },
    {
      "mode": "managed",
      "type": "digitalocean_tag",
      "name": "target_env",
      "provider": "provider[\"registry.terraform.io/digitalocean/digitalocean\"]",
      "instances": [
        {
          "schema_version": 0,
          "attributes": {
            "databases_count": 0,
            "droplets_count": 0,
            "id": "staging",
            "images_count": 0,
            "name": "staging",
            "total_resource_count": 0,
            "volume_snapshots_count": 0,
            "volumes_count": 0
          },
          "sensitive_attributes": [],
          "private": "bnVsbA=="
        }
      ]
    }
  ]
}
